
Microsoft Visual Studio Solution File, Format Version 12.00
# Visual Studio Version 16
VisualStudioVersion = 16.0.28803.156
MinimumVisualStudioVersion = 10.0.40219.1
Project("{FAE04EC0-301F-11D3-BF4B-00C04F79EFBC}") = "WiredBraingCoffee.ShopInfoTool", "WiredBraingCoffee.ShopInfoTool\WiredBraingCoffee.ShopInfoTool.csproj", "{D5A2C4F2-B41C-4499-802C-7792C5642769}"
EndProject
Global
	GlobalSection(SolutionConfigurationPlatforms) = preSolution
		Debug|Any CPU = Debug|Any CPU
		Release|Any CPU = Release|Any CPU
	EndGlobalSection
	GlobalSection(ProjectConfigurationPlatforms) = postSolution
		{D5A2C4F2-B41C-4499-802C-7792C5642769}.Debug|Any CPU.ActiveCfg = Debug|Any CPU
		{D5A2C4F2-B41C-4499-802C-7792C5642769}.Debug|Any CPU.Build.0 = Debug|Any CPU
		{D5A2C4F2-B41C-4499-802C-7792C5642769}.Release|Any CPU.ActiveCfg = Release|Any CPU
		{D5A2C4F2-B41C-4499-802C-7792C5642769}.Release|Any CPU.Build.0 = Release|Any CPU
	EndGlobalSection
	GlobalSection(SolutionProperties) = preSolution
		HideSolutionNode = FALSE
	EndGlobalSection
	GlobalSection(ExtensibilityGlobals) = postSolution
		SolutionGuid = {550E0FE5-38D3-4B23-B918-26D9FE10F7B5}
	EndGlobalSection
EndGlobal
